
Microsoft Visual Studio Solution File, Format Version 12.00
# Visual Studio Version 17
VisualStudioVersion = 17.8.34309.116
MinimumVisualStudioVersion = 10.0.40219.1
Project("{2150E333-8FDC-42A3-9474-1A3956D46DE8}") = "Productify", "Productify", "{D25C9DC4-D31A-43A7-8430-1E371D539000}"
EndProject
Project("{2150E333-8FDC-42A3-9474-1A3956D46DE8}") = "Core", "Core", "{0C8A0F4C-1462-485D-94A1-9D578213CA24}"
EndProject
Project("{2150E333-8FDC-42A3-9474-1A3956D46DE8}") = "Infrastructure", "Infrastructure", "{9F7C12AD-F3FF-493E-9E63-D22B709F5BF4}"
EndProject
Project("{2150E333-8FDC-42A3-9474-1A3956D46DE8}") = "Presentation", "Presentation", "{B7D69E66-F995-478E-B3F5-B65048F617D7}"
EndProject
Project("{9A19103F-16F7-4668-BE54-9A1E7A4F7556}") = "Productify.MVC", "Presentation\Productify.MVC\Productify.MVC.csproj", "{418C2F4D-2BDE-4AD6-9AE5-A7F4BDAB041F}"
EndProject
Project("{9A19103F-16F7-4668-BE54-9A1E7A4F7556}") = "Productify.Domain", "Core\Productify.Domain\Productify.Domain.csproj", "{EEB44E80-8CDA-4706-B897-68D7EE2752A3}"
EndProject
Project("{9A19103F-16F7-4668-BE54-9A1E7A4F7556}") = "Productify.Persistence", "Productify\Infrastructure\Persistence\Productify.Persistence.csproj", "{1581C0A5-20E4-4051-9C24-748570BB5B8B}"
EndProject
Project("{9A19103F-16F7-4668-BE54-9A1E7A4F7556}") = "MVCClient", "OpenAIAPI\MVCClient.csproj", "{2A41481E-B9F2-4505-B410-1BF62E525D7D}"
EndProject
Project("{9A19103F-16F7-4668-BE54-9A1E7A4F7556}") = "ChangeTrackerPreparation", "ChangeTrackerPreparation\ChangeTrackerPreparation.csproj", "{34DAC86C-814C-4B8F-8ACB-E9CFD7BA9395}"
EndProject
Project("{2150E333-8FDC-42A3-9474-1A3956D46DE8}") = "Postman", "Postman", "{2556F50E-DB8D-4039-896B-7AC8334E5C60}"
EndProject
Project("{2150E333-8FDC-42A3-9474-1A3956D46DE8}") = "Core", "Core", "{CFC45F5D-C760-4CA7-9E81-88CE825C27C5}"
EndProject
Project("{2150E333-8FDC-42A3-9474-1A3956D46DE8}") = "Infrastructure", "Infrastructure", "{7FBD67A6-0026-462F-AB3F-5F2E79CF6634}"
EndProject
Project("{2150E333-8FDC-42A3-9474-1A3956D46DE8}") = "Presentation", "Presentation", "{5011E8AC-2A3B-4C50-ABC3-E58F06778BD4}"
EndProject
Project("{FAE04EC0-301F-11D3-BF4B-00C04F79EFBC}") = "Postman.Domain", "Postman\Core\Postman.Domain\Postman.Domain.csproj", "{A8BCF3D3-1707-4661-A21F-F087DCFDF5BE}"
EndProject
Project("{FAE04EC0-301F-11D3-BF4B-00C04F79EFBC}") = "Postman.Persistence", "Postman\Infrastructure\Postman.Persistence\Postman.Persistence.csproj", "{E46C5087-4E70-44A3-BCC2-326F063C99EB}"
EndProject
Project("{FAE04EC0-301F-11D3-BF4B-00C04F79EFBC}") = "Postman.API", "Postman\Presentation\Postman.API\Postman.API.csproj", "{B6BFC28B-4371-476A-B841-180526C65865}"
EndProject
Global
	GlobalSection(SolutionConfigurationPlatforms) = preSolution
		Debug|Any CPU = Debug|Any CPU
		Release|Any CPU = Release|Any CPU
	EndGlobalSection
	GlobalSection(ProjectConfigurationPlatforms) = postSolution
		{418C2F4D-2BDE-4AD6-9AE5-A7F4BDAB041F}.Debug|Any CPU.ActiveCfg = Debug|Any CPU
		{418C2F4D-2BDE-4AD6-9AE5-A7F4BDAB041F}.Debug|Any CPU.Build.0 = Debug|Any CPU
		{418C2F4D-2BDE-4AD6-9AE5-A7F4BDAB041F}.Release|Any CPU.ActiveCfg = Release|Any CPU
		{418C2F4D-2BDE-4AD6-9AE5-A7F4BDAB041F}.Release|Any CPU.Build.0 = Release|Any CPU
		{EEB44E80-8CDA-4706-B897-68D7EE2752A3}.Debug|Any CPU.ActiveCfg = Debug|Any CPU
		{EEB44E80-8CDA-4706-B897-68D7EE2752A3}.Debug|Any CPU.Build.0 = Debug|Any CPU
		{EEB44E80-8CDA-4706-B897-68D7EE2752A3}.Release|Any CPU.ActiveCfg = Release|Any CPU
		{EEB44E80-8CDA-4706-B897-68D7EE2752A3}.Release|Any CPU.Build.0 = Release|Any CPU
		{1581C0A5-20E4-4051-9C24-748570BB5B8B}.Debug|Any CPU.ActiveCfg = Debug|Any CPU
		{1581C0A5-20E4-4051-9C24-748570BB5B8B}.Debug|Any CPU.Build.0 = Debug|Any CPU
		{1581C0A5-20E4-4051-9C24-748570BB5B8B}.Release|Any CPU.ActiveCfg = Release|Any CPU
		{1581C0A5-20E4-4051-9C24-748570BB5B8B}.Release|Any CPU.Build.0 = Release|Any CPU
		{2A41481E-B9F2-4505-B410-1BF62E525D7D}.Debug|Any CPU.ActiveCfg = Debug|Any CPU
		{2A41481E-B9F2-4505-B410-1BF62E525D7D}.Debug|Any CPU.Build.0 = Debug|Any CPU
		{2A41481E-B9F2-4505-B410-1BF62E525D7D}.Release|Any CPU.ActiveCfg = Release|Any CPU
		{2A41481E-B9F2-4505-B410-1BF62E525D7D}.Release|Any CPU.Build.0 = Release|Any CPU
		{34DAC86C-814C-4B8F-8ACB-E9CFD7BA9395}.Debug|Any CPU.ActiveCfg = Debug|Any CPU
		{34DAC86C-814C-4B8F-8ACB-E9CFD7BA9395}.Debug|Any CPU.Build.0 = Debug|Any CPU
		{34DAC86C-814C-4B8F-8ACB-E9CFD7BA9395}.Release|Any CPU.ActiveCfg = Release|Any CPU
		{34DAC86C-814C-4B8F-8ACB-E9CFD7BA9395}.Release|Any CPU.Build.0 = Release|Any CPU
		{A8BCF3D3-1707-4661-A21F-F087DCFDF5BE}.Debug|Any CPU.ActiveCfg = Debug|Any CPU
		{A8BCF3D3-1707-4661-A21F-F087DCFDF5BE}.Debug|Any CPU.Build.0 = Debug|Any CPU
		{A8BCF3D3-1707-4661-A21F-F087DCFDF5BE}.Release|Any CPU.ActiveCfg = Release|Any CPU
		{A8BCF3D3-1707-4661-A21F-F087DCFDF5BE}.Release|Any CPU.Build.0 = Release|Any CPU
		{E46C5087-4E70-44A3-BCC2-326F063C99EB}.Debug|Any CPU.ActiveCfg = Debug|Any CPU
		{E46C5087-4E70-44A3-BCC2-326F063C99EB}.Debug|Any CPU.Build.0 = Debug|Any CPU
		{E46C5087-4E70-44A3-BCC2-326F063C99EB}.Release|Any CPU.ActiveCfg = Release|Any CPU
		{E46C5087-4E70-44A3-BCC2-326F063C99EB}.Release|Any CPU.Build.0 = Release|Any CPU
		{B6BFC28B-4371-476A-B841-180526C65865}.Debug|Any CPU.ActiveCfg = Debug|Any CPU
		{B6BFC28B-4371-476A-B841-180526C65865}.Debug|Any CPU.Build.0 = Debug|Any CPU
		{B6BFC28B-4371-476A-B841-180526C65865}.Release|Any CPU.ActiveCfg = Release|Any CPU
		{B6BFC28B-4371-476A-B841-180526C65865}.Release|Any CPU.Build.0 = Release|Any CPU
	EndGlobalSection
	GlobalSection(SolutionProperties) = preSolution
		HideSolutionNode = FALSE
	EndGlobalSection
	GlobalSection(NestedProjects) = preSolution
		{0C8A0F4C-1462-485D-94A1-9D578213CA24} = {D25C9DC4-D31A-43A7-8430-1E371D539000}
		{9F7C12AD-F3FF-493E-9E63-D22B709F5BF4} = {D25C9DC4-D31A-43A7-8430-1E371D539000}
		{B7D69E66-F995-478E-B3F5-B65048F617D7} = {D25C9DC4-D31A-43A7-8430-1E371D539000}
		{418C2F4D-2BDE-4AD6-9AE5-A7F4BDAB041F} = {B7D69E66-F995-478E-B3F5-B65048F617D7}
		{EEB44E80-8CDA-4706-B897-68D7EE2752A3} = {0C8A0F4C-1462-485D-94A1-9D578213CA24}
		{1581C0A5-20E4-4051-9C24-748570BB5B8B} = {9F7C12AD-F3FF-493E-9E63-D22B709F5BF4}
		{CFC45F5D-C760-4CA7-9E81-88CE825C27C5} = {2556F50E-DB8D-4039-896B-7AC8334E5C60}
		{7FBD67A6-0026-462F-AB3F-5F2E79CF6634} = {2556F50E-DB8D-4039-896B-7AC8334E5C60}
		{5011E8AC-2A3B-4C50-ABC3-E58F06778BD4} = {2556F50E-DB8D-4039-896B-7AC8334E5C60}
		{A8BCF3D3-1707-4661-A21F-F087DCFDF5BE} = {CFC45F5D-C760-4CA7-9E81-88CE825C27C5}
		{E46C5087-4E70-44A3-BCC2-326F063C99EB} = {7FBD67A6-0026-462F-AB3F-5F2E79CF6634}
		{B6BFC28B-4371-476A-B841-180526C65865} = {5011E8AC-2A3B-4C50-ABC3-E58F06778BD4}
	EndGlobalSection
	GlobalSection(ExtensibilityGlobals) = postSolution
		SolutionGuid = {0B5E5860-820D-4C58-BF6D-2250EC202AAC}
	EndGlobalSection
EndGlobal
